
Microsoft Visual Studio Solution File, Format Version 12.00
# Visual Studio 15
VisualStudioVersion = 15.0.26730.3
MinimumVisualStudioVersion = 10.0.40219.1
Project("{FAE04EC0-301F-11D3-BF4B-00C04F79EFBC}") = "opencc.xamarin", "opencc.xamarin\opencc.xamarin.csproj", "{CDDFF033-FC79-45EC-A781-62E33C1B3026}"
EndProject
Global
	GlobalSection(SolutionConfigurationPlatforms) = preSolution
		Debug|Any CPU = Debug|Any CPU
		Release|Any CPU = Release|Any CPU
	EndGlobalSection
	GlobalSection(ProjectConfigurationPlatforms) = postSolution
		{CDDFF033-FC79-45EC-A781-62E33C1B3026}.Debug|Any CPU.ActiveCfg = Debug|Any CPU
		{CDDFF033-FC79-45EC-A781-62E33C1B3026}.Debug|Any CPU.Build.0 = Debug|Any CPU
		{CDDFF033-FC79-45EC-A781-62E33C1B3026}.Release|Any CPU.ActiveCfg = Release|Any CPU
		{CDDFF033-FC79-45EC-A781-62E33C1B3026}.Release|Any CPU.Build.0 = Release|Any CPU
	EndGlobalSection
	GlobalSection(SolutionProperties) = preSolution
		HideSolutionNode = FALSE
	EndGlobalSection
	GlobalSection(ExtensibilityGlobals) = postSolution
		SolutionGuid = {0F606F21-2925-4124-8237-75CFFCBAB668}
	EndGlobalSection
EndGlobal
